
Microsoft Visual Studio Solution File, Format Version 12.00
# Visual Studio Version 16
VisualStudioVersion = 16.0.30204.135
MinimumVisualStudioVersion = 10.0.40219.1
Project("{F184B08F-C81C-45F6-A57F-5ABD9991F28F}") = "NETD-lab-3", "NETD-lab-3.vbproj", "{908174B2-DE51-468F-82F9-5A8AD990BF79}"
EndProject
Global
	GlobalSection(SolutionConfigurationPlatforms) = preSolution
		Debug|Any CPU = Debug|Any CPU
		Release|Any CPU = Release|Any CPU
	EndGlobalSection
	GlobalSection(ProjectConfigurationPlatforms) = postSolution
		{908174B2-DE51-468F-82F9-5A8AD990BF79}.Debug|Any CPU.ActiveCfg = Debug|Any CPU
		{908174B2-DE51-468F-82F9-5A8AD990BF79}.Debug|Any CPU.Build.0 = Debug|Any CPU
		{908174B2-DE51-468F-82F9-5A8AD990BF79}.Release|Any CPU.ActiveCfg = Release|Any CPU
		{908174B2-DE51-468F-82F9-5A8AD990BF79}.Release|Any CPU.Build.0 = Release|Any CPU
	EndGlobalSection
	GlobalSection(SolutionProperties) = preSolution
		HideSolutionNode = FALSE
	EndGlobalSection
	GlobalSection(ExtensibilityGlobals) = postSolution
		SolutionGuid = {3B5A9CF8-B58E-4D61-AF9A-D957FB9A3C1F}
	EndGlobalSection
EndGlobal
